{
  "name": "dved",
  "version": "0.0.41",
  "lockfileVersion": 2,
  "requires": true,
  "packages": {
    "": {
      "name": "dved",
      "version": "0.0.41",
      "license": "MIT",
      "dependencies": {
        "divine-binary-tags": "^0.0.5",
        "voxelspaces": "^1.0.1",
        "zeneithdb": "^0.0.21"
      },
      "devDependencies": {
        "@types/node": "^18.11.18"
      }
    },
    "node_modules/@types/node": {
      "version": "18.11.18",
      "resolved": "https://registry.npmjs.org/@types/node/-/node-18.11.18.tgz",
      "integrity": "sha512-DHQpWGjyQKSHj3ebjFI/wRKcqQcdR+MoFBygntYOZytCqNfkd2ZC4ARDJ2DQqhjH5p85Nnd3jhUJIXrszFX/JA==",
      "dev": true
    },
    "node_modules/divine-binary-tags": {
      "version": "0.0.5",
      "resolved": "https://registry.npmjs.org/divine-binary-tags/-/divine-binary-tags-0.0.5.tgz",
      "integrity": "sha512-549nzGJFgu3QMqHnEQ8WVb5kgnVqk3iRjjIKDzEkKzUsGHMLaU88nnGnYWrx1dd4bnOM43R+ZcN/4nFuTv7Erw=="
    },
    "node_modules/voxelspaces": {
      "version": "1.0.1",
      "resolved": "https://registry.npmjs.org/voxelspaces/-/voxelspaces-1.0.1.tgz",
      "integrity": "sha512-HT1nCeaQLd901xCpP/7QoeQ0iOiVQaviq74utNHnL5MfRAJ0kaJ5nxhpFDXHhkE2frr8BK3odVsnWpztQu6nKw=="
    },
    "node_modules/zeneithdb": {
      "version": "0.0.21",
      "resolved": "https://registry.npmjs.org/zeneithdb/-/zeneithdb-0.0.21.tgz",
      "integrity": "sha512-pkBkt60t3IbeCyqJogSeh+4val+h45Zz+RL6yf9KR1D0faWfLc2KCQ999h5CJ119ssd0PH66ckyoPnVBu1WNHg=="
    }
  },
  "dependencies": {
    "@types/node": {
      "version": "18.11.18",
      "resolved": "https://registry.npmjs.org/@types/node/-/node-18.11.18.tgz",
      "integrity": "sha512-DHQpWGjyQKSHj3ebjFI/wRKcqQcdR+MoFBygntYOZytCqNfkd2ZC4ARDJ2DQqhjH5p85Nnd3jhUJIXrszFX/JA==",
      "dev": true
    },
    "divine-binary-tags": {
      "version": "0.0.5",
      "resolved": "https://registry.npmjs.org/divine-binary-tags/-/divine-binary-tags-0.0.5.tgz",
      "integrity": "sha512-549nzGJFgu3QMqHnEQ8WVb5kgnVqk3iRjjIKDzEkKzUsGHMLaU88nnGnYWrx1dd4bnOM43R+ZcN/4nFuTv7Erw=="
    },
    "voxelspaces": {
      "version": "1.0.1",
      "resolved": "https://registry.npmjs.org/voxelspaces/-/voxelspaces-1.0.1.tgz",
      "integrity": "sha512-HT1nCeaQLd901xCpP/7QoeQ0iOiVQaviq74utNHnL5MfRAJ0kaJ5nxhpFDXHhkE2frr8BK3odVsnWpztQu6nKw=="
    },
    "zeneithdb": {
      "version": "0.0.21",
      "resolved": "https://registry.npmjs.org/zeneithdb/-/zeneithdb-0.0.21.tgz",
      "integrity": "sha512-pkBkt60t3IbeCyqJogSeh+4val+h45Zz+RL6yf9KR1D0faWfLc2KCQ999h5CJ119ssd0PH66ckyoPnVBu1WNHg=="
    }
  }
}
